// !$*UTF8*$!
{
	archiveVersion = 1;
	classes = {
	};
	objectVersion = 46;
	objects = {

/* Begin PBXBuildFile section */
		ECD381521EC32506008CEA60 /* main.c in Sources */ = {isa = PBXBuildFile; fileRef = ECD381511EC32506008CEA60 /* main.c */; };
		ECD3815A1EC325FC008CEA60 /* index.h in Frameworks */ = {isa = PBXBuildFile; fileRef = ECD381591EC32585008CEA60 /* index.h */; };
		ECD3815B1EC325FC008CEA60 /* tipuri.h in Frameworks */ = {isa = PBXBuildFile; fileRef = ECD381581EC3256D008CEA60 /* tipuri.h */; };
/* End PBXBuildFile section */

/* Begin PBXCopyFilesBuildPhase section */
		ECD3814C1EC32506008CEA60 /* CopyFiles */ = {
			isa = PBXCopyFilesBuildPhase;
			buildActionMask = 2147483647;
			dstPath = /usr/share/man/man1/;
			dstSubfolderSpec = 0;
			files = (
			);
			runOnlyForDeploymentPostprocessing = 1;
		};
/* End PBXCopyFilesBuildPhase section */

/* Begin PBXFileReference section */
		ECD3814E1EC32506008CEA60 /* seminar11 */ = {isa = PBXFileReference; explicitFileType = "compiled.mach-o.executable"; includeInIndex = 0; path = seminar11; sourceTree = BUILT_PRODUCTS_DIR; };
		ECD381511EC32506008CEA60 /* main.c */ = {isa = PBXFileReference; lastKnownFileType = sourcecode.c.c; path = main.c; sourceTree = "<group>"; };
		ECD381581EC3256D008CEA60 /* tipuri.h */ = {isa = PBXFileReference; lastKnownFileType = sourcecode.c.h; name = tipuri.h; path = ../../tipuri.h; sourceTree = "<group>"; };
		ECD381591EC32585008CEA60 /* index.h */ = {isa = PBXFileReference; fileEncoding = 4; lastKnownFileType = sourcecode.c.h; name = index.h; path = ../../index.h; sourceTree = "<group>"; };
/* End PBXFileReference section */

/* Begin PBXFrameworksBuildPhase section */
		ECD3814B1EC32506008CEA60 /* Frameworks */ = {
			isa = PBXFrameworksBuildPhase;
			buildActionMask = 2147483647;
			files = (
				ECD3815A1EC325FC008CEA60 /* index.h in Frameworks */,
				ECD3815B1EC325FC008CEA60 /* tipuri.h in Frameworks */,
			);
			runOnlyForDeploymentPostprocessing = 0;
		};
/* End PBXFrameworksBuildPhase section */

/* Begin PBXGroup section */
		ECD381451EC32506008CEA60 = {
			isa = PBXGroup;
			children = (
				ECD381501EC32506008CEA60 /* seminar11 */,
				ECD3814F1EC32506008CEA60 /* Products */,
			);
			sourceTree = "<group>";
		};
		ECD3814F1EC32506008CEA60 /* Products */ = {
			isa = PBXGroup;
			children = (
				ECD3814E1EC32506008CEA60 /* seminar11 */,
			);
			name = Products;
			sourceTree = "<group>";
		};
		ECD381501EC32506008CEA60 /* seminar11 */ = {
			isa = PBXGroup;
			children = (
				ECD381511EC32506008CEA60 /* main.c */,
				ECD381581EC3256D008CEA60 /* tipuri.h */,
				ECD381591EC32585008CEA60 /* index.h */,
			);
			path = seminar11;
			sourceTree = "<group>";
		};
/* End PBXGroup section */

/* Begin PBXNativeTarget section */
		ECD3814D1EC32506008CEA60 /* seminar11 */ = {
			isa = PBXNativeTarget;
			buildConfigurationList = ECD381551EC32506008CEA60 /* Build configuration list for PBXNativeTarget "seminar11" */;
			buildPhases = (
				ECD3814A1EC32506008CEA60 /* Sources */,
				ECD3814B1EC32506008CEA60 /* Frameworks */,
				ECD3814C1EC32506008CEA60 /* CopyFiles */,
			);
			buildRules = (
			);
			dependencies = (
			);
			name = seminar11;
			productName = seminar11;
			productReference = ECD3814E1EC32506008CEA60 /* seminar11 */;
			productType = "com.apple.product-type.tool";
		};
/* End PBXNativeTarget section */

/* Begin PBXProject section */
		ECD381461EC32506008CEA60 /* Project object */ = {
			isa = PBXProject;
			attributes = {
				LastUpgradeCheck = 0830;
				ORGANIZATIONNAME = "Victor Socaciu";
				TargetAttributes = {
					ECD3814D1EC32506008CEA60 = {
						CreatedOnToolsVersion = 8.3.2;
						ProvisioningStyle = Automatic;
					};
				};
			};
			buildConfigurationList = ECD381491EC32506008CEA60 /* Build configuration list for PBXProject "seminar11" */;
			compatibilityVersion = "Xcode 3.2";
			developmentRegion = English;
			hasScannedForEncodings = 0;
			knownRegions = (
				en,
			);
			mainGroup = ECD381451EC32506008CEA60;
			productRefGroup = ECD3814F1EC32506008CEA60 /* Products */;
			projectDirPath = "";
			projectRoot = "";
			targets = (
				ECD3814D1EC32506008CEA60 /* seminar11 */,
			);
		};
/* End PBXProject section */

/* Begin PBXSourcesBuildPhase section */
		ECD3814A1EC32506008CEA60 /* Sources */ = {
			isa = PBXSourcesBuildPhase;
			buildActionMask = 2147483647;
			files = (
				ECD381521EC32506008CEA60 /* main.c in Sources */,
			);
			runOnlyForDeploymentPostprocessing = 0;
		};
/* End PBXSourcesBuildPhase section */

/* Begin XCBuildConfiguration section */
		ECD381531EC32506008CEA60 /* Debug */ = {
			isa = XCBuildConfiguration;
			buildSettings = {
				ALWAYS_SEARCH_USER_PATHS = NO;
				CLANG_ANALYZER_NONNULL = YES;
				CLANG_ANALYZER_NUMBER_OBJECT_CONVERSION = YES_AGGRESSIVE;
				CLANG_CXX_LANGUAGE_STANDARD = "gnu++0x";
				CLANG_CXX_LIBRARY = "libc++";
				CLANG_ENABLE_MODULES = YES;
				CLANG_ENABLE_OBJC_ARC = YES;
				CLANG_WARN_BOOL_CONVERSION = YES;
				CLANG_WARN_CONSTANT_CONVERSION = YES;
				CLANG_WARN_DIRECT_OBJC_ISA_USAGE = YES_ERROR;
				CLANG_WARN_DOCUMENTATION_COMMENTS = YES;
				CLANG_WARN_EMPTY_BODY = YES;
				CLANG_WARN_ENUM_CONVERSION = YES;
				CLANG_WARN_INFINITE_RECURSION = YES;
				CLANG_WARN_INT_CONVERSION = YES;
				CLANG_WARN_OBJC_ROOT_CLASS = YES_ERROR;
				CLANG_WARN_SUSPICIOUS_MOVE = YES;
				CLANG_WARN_UNREACHABLE_CODE = YES;
				CLANG_WARN__DUPLICATE_METHOD_MATCH = YES;
				CODE_SIGN_IDENTITY = "-";
				COPY_PHASE_STRIP = NO;
				DEBUG_INFORMATION_FORMAT = dwarf;
				ENABLE_STRICT_OBJC_MSGSEND = YES;
				ENABLE_TESTABILITY = YES;
				GCC_C_LANGUAGE_STANDARD = gnu99;
				GCC_DYNAMIC_NO_PIC = NO;
				GCC_NO_COMMON_BLOCKS = YES;
				GCC_OPTIMIZATION_LEVEL = 0;
				GCC_PREPROCESSOR_DEFINITIONS = (
					"DEBUG=1",
					"$(inherited)",
				);
				GCC_WARN_64_TO_32_BIT_CONVERSION = YES;
				GCC_WARN_ABOUT_RETURN_TYPE = YES_ERROR;
				GCC_WARN_UNDECLARED_SELECTOR = YES;
				GCC_WARN_UNINITIALIZED_AUTOS = YES_AGGRESSIVE;
				GCC_WARN_UNUSED_FUNCTION = YES;
				GCC_WARN_UNUSED_VARIABLE = YES;
				MACOSX_DEPLOYMENT_TARGET = 10.12;
				MTL_ENABLE_DEBUG_INFO = YES;
				ONLY_ACTIVE_ARCH = YES;
				SDKROOT = macosx;
			};
			name = Debug;
		};
		ECD381541EC32506008CEA60 /* Release */ = {
			isa = XCBuildConfiguration;
			buildSettings = {
				ALWAYS_SEARCH_USER_PATHS = NO;
				CLANG_ANALYZER_NONNULL = YES;
				CLANG_ANALYZER_NUMBER_OBJECT_CONVERSION = YES_AGGRESSIVE;
				CLANG_CXX_LANGUAGE_STANDARD = "gnu++0x";
				CLANG_CXX_LIBRARY = "libc++";
				CLANG_ENABLE_MODULES = YES;
				CLANG_ENABLE_OBJC_ARC = YES;
				CLANG_WARN_BOOL_CONVERSION = YES;
				CLANG_WARN_CONSTANT_CONVERSION = YES;
				CLANG_WARN_DIRECT_OBJC_ISA_USAGE = YES_ERROR;
				CLANG_WARN_DOCUMENTATION_COMMENTS = YES;
				CLANG_WARN_EMPTY_BODY = YES;
				CLANG_WARN_ENUM_CONVERSION = YES;
				CLANG_WARN_INFINITE_RECURSION = YES;
				CLANG_WARN_INT_CONVERSION = YES;
				CLANG_WARN_OBJC_ROOT_CLASS = YES_ERROR;
				CLANG_WARN_SUSPICIOUS_MOVE = YES;
				CLANG_WARN_UNREACHABLE_CODE = YES;
				CLANG_WARN__DUPLICATE_METHOD_MATCH = YES;
				CODE_SIGN_IDENTITY = "-";
				COPY_PHASE_STRIP = NO;
				DEBUG_INFORMATION_FORMAT = "dwarf-with-dsym";
				ENABLE_NS_ASSERTIONS = NO;
				ENABLE_STRICT_OBJC_MSGSEND = YES;
				GCC_C_LANGUAGE_STANDARD = gnu99;
				GCC_NO_COMMON_BLOCKS = YES;
				GCC_WARN_64_TO_32_BIT_CONVERSION = YES;
				GCC_WARN_ABOUT_RETURN_TYPE = YES_ERROR;
				GCC_WARN_UNDECLARED_SELECTOR = YES;
				GCC_WARN_UNINITIALIZED_AUTOS = YES_AGGRESSIVE;
				GCC_WARN_UNUSED_FUNCTION = YES;
				GCC_WARN_UNUSED_VARIABLE = YES;
				MACOSX_DEPLOYMENT_TARGET = 10.12;
				MTL_ENABLE_DEBUG_INFO = NO;
				SDKROOT = macosx;
			};
			name = Release;
		};
		ECD381561EC32506008CEA60 /* Debug */ = {
			isa = XCBuildConfiguration;
			buildSettings = {
				PRODUCT_NAME = "$(TARGET_NAME)";
			};
			name = Debug;
		};
		ECD381571EC32506008CEA60 /* Release */ = {
			isa = XCBuildConfiguration;
			buildSettings = {
				PRODUCT_NAME = "$(TARGET_NAME)";
			};
			name = Release;
		};
/* End XCBuildConfiguration section */

/* Begin XCConfigurationList section */
		ECD381491EC32506008CEA60 /* Build configuration list for PBXProject "seminar11" */ = {
			isa = XCConfigurationList;
			buildConfigurations = (
				ECD381531EC32506008CEA60 /* Debug */,
				ECD381541EC32506008CEA60 /* Release */,
			);
			defaultConfigurationIsVisible = 0;
			defaultConfigurationName = Release;
		};
		ECD381551EC32506008CEA60 /* Build configuration list for PBXNativeTarget "seminar11" */ = {
			isa = XCConfigurationList;
			buildConfigurations = (
				ECD381561EC32506008CEA60 /* Debug */,
				ECD381571EC32506008CEA60 /* Release */,
			);
			defaultConfigurationIsVisible = 0;
		};
/* End XCConfigurationList section */
	};
	rootObject = ECD381461EC32506008CEA60 /* Project object */;
}
